
Microsoft Visual Studio Solution File, Format Version 12.00
# Visual Studio Version 16
VisualStudioVersion = 16.0.32002.261
MinimumVisualStudioVersion = 10.0.40219.1
Project("{FAE04EC0-301F-11D3-BF4B-00C04F79EFBC}") = "SharePointAddIn1", "SharePointAddIn1.csproj", "{0A97D3BF-FDD9-47BD-AB1A-9BAC1F965DD8}"
EndProject
Project("{FAE04EC0-301F-11D3-BF4B-00C04F79EFBC}") = "SharePointAddIn1Web", "..\SharePointAddIn1Web\SharePointAddIn1Web.csproj", "{599FDD74-A012-42CE-BD56-7E7A5547D72F}"
EndProject
Global
	GlobalSection(SolutionConfigurationPlatforms) = preSolution
		Debug|Any CPU = Debug|Any CPU
		Release|Any CPU = Release|Any CPU
	EndGlobalSection
	GlobalSection(ProjectConfigurationPlatforms) = postSolution
		{0A97D3BF-FDD9-47BD-AB1A-9BAC1F965DD8}.Debug|Any CPU.ActiveCfg = Debug|Any CPU
		{0A97D3BF-FDD9-47BD-AB1A-9BAC1F965DD8}.Debug|Any CPU.Build.0 = Debug|Any CPU
		{0A97D3BF-FDD9-47BD-AB1A-9BAC1F965DD8}.Debug|Any CPU.Deploy.0 = Debug|Any CPU
		{0A97D3BF-FDD9-47BD-AB1A-9BAC1F965DD8}.Release|Any CPU.ActiveCfg = Release|Any CPU
		{0A97D3BF-FDD9-47BD-AB1A-9BAC1F965DD8}.Release|Any CPU.Build.0 = Release|Any CPU
		{0A97D3BF-FDD9-47BD-AB1A-9BAC1F965DD8}.Release|Any CPU.Deploy.0 = Release|Any CPU
		{599FDD74-A012-42CE-BD56-7E7A5547D72F}.Debug|Any CPU.ActiveCfg = Debug|Any CPU
		{599FDD74-A012-42CE-BD56-7E7A5547D72F}.Debug|Any CPU.Build.0 = Debug|Any CPU
		{599FDD74-A012-42CE-BD56-7E7A5547D72F}.Release|Any CPU.ActiveCfg = Release|Any CPU
		{599FDD74-A012-42CE-BD56-7E7A5547D72F}.Release|Any CPU.Build.0 = Release|Any CPU
	EndGlobalSection
	GlobalSection(SolutionProperties) = preSolution
		HideSolutionNode = FALSE
	EndGlobalSection
	GlobalSection(ExtensibilityGlobals) = postSolution
		SolutionGuid = {6DC5B8CC-1C31-421B-90C0-0803FCFEC2F5}
	EndGlobalSection
EndGlobal
