
Microsoft Visual Studio Solution File, Format Version 12.00
# Visual Studio Version 17
VisualStudioVersion = 17.0.32112.339
MinimumVisualStudioVersion = 10.0.40219.1
Project("{FAE04EC0-301F-11D3-BF4B-00C04F79EFBC}") = "02CourseModules", "02CourseModules.csproj", "{AE63699A-52BB-405D-A4C0-7E53E92915B8}"
EndProject
Project("{FAE04EC0-301F-11D3-BF4B-00C04F79EFBC}") = "04SOMCoreCollections", "..\04SOMCoreCollections\04SOMCoreCollections.csproj", "{342FF2E8-B805-4B3A-8605-F12F4ACE7911}"
EndProject
Project("{FAE04EC0-301F-11D3-BF4B-00C04F79EFBC}") = "05WorkingWithLists", "..\05WorkingWithLists\05WorkingWithLists.csproj", "{D059D358-2691-4E92-B174-4C3898391C05}"
EndProject
Global
	GlobalSection(SolutionConfigurationPlatforms) = preSolution
		Debug|Any CPU = Debug|Any CPU
		Release|Any CPU = Release|Any CPU
	EndGlobalSection
	GlobalSection(ProjectConfigurationPlatforms) = postSolution
		{AE63699A-52BB-405D-A4C0-7E53E92915B8}.Debug|Any CPU.ActiveCfg = Debug|Any CPU
		{AE63699A-52BB-405D-A4C0-7E53E92915B8}.Debug|Any CPU.Build.0 = Debug|Any CPU
		{AE63699A-52BB-405D-A4C0-7E53E92915B8}.Release|Any CPU.ActiveCfg = Release|Any CPU
		{AE63699A-52BB-405D-A4C0-7E53E92915B8}.Release|Any CPU.Build.0 = Release|Any CPU
		{342FF2E8-B805-4B3A-8605-F12F4ACE7911}.Debug|Any CPU.ActiveCfg = Debug|Any CPU
		{342FF2E8-B805-4B3A-8605-F12F4ACE7911}.Debug|Any CPU.Build.0 = Debug|Any CPU
		{342FF2E8-B805-4B3A-8605-F12F4ACE7911}.Release|Any CPU.ActiveCfg = Release|Any CPU
		{342FF2E8-B805-4B3A-8605-F12F4ACE7911}.Release|Any CPU.Build.0 = Release|Any CPU
		{D059D358-2691-4E92-B174-4C3898391C05}.Debug|Any CPU.ActiveCfg = Debug|Any CPU
		{D059D358-2691-4E92-B174-4C3898391C05}.Debug|Any CPU.Build.0 = Debug|Any CPU
		{D059D358-2691-4E92-B174-4C3898391C05}.Release|Any CPU.ActiveCfg = Release|Any CPU
		{D059D358-2691-4E92-B174-4C3898391C05}.Release|Any CPU.Build.0 = Release|Any CPU
	EndGlobalSection
	GlobalSection(SolutionProperties) = preSolution
		HideSolutionNode = FALSE
	EndGlobalSection
	GlobalSection(ExtensibilityGlobals) = postSolution
		SolutionGuid = {1F8FFA2B-3451-4649-9EDC-00F211A28C2C}
	EndGlobalSection
EndGlobal
