
Microsoft Visual Studio Solution File, Format Version 12.00
# Visual Studio Version 17
VisualStudioVersion = 17.0.32112.339
MinimumVisualStudioVersion = 10.0.40219.1
Project("{FAE04EC0-301F-11D3-BF4B-00C04F79EFBC}") = "FarmInfo", "FarmInfo.csproj", "{2961DBE3-8F3B-4E0B-897B-1036280365BA}"
EndProject
Global
	GlobalSection(SolutionConfigurationPlatforms) = preSolution
		Debug|Any CPU = Debug|Any CPU
		Release|Any CPU = Release|Any CPU
	EndGlobalSection
	GlobalSection(ProjectConfigurationPlatforms) = postSolution
		{2961DBE3-8F3B-4E0B-897B-1036280365BA}.Debug|Any CPU.ActiveCfg = Debug|Any CPU
		{2961DBE3-8F3B-4E0B-897B-1036280365BA}.Debug|Any CPU.Build.0 = Debug|Any CPU
		{2961DBE3-8F3B-4E0B-897B-1036280365BA}.Release|Any CPU.ActiveCfg = Release|Any CPU
		{2961DBE3-8F3B-4E0B-897B-1036280365BA}.Release|Any CPU.Build.0 = Release|Any CPU
	EndGlobalSection
	GlobalSection(SolutionProperties) = preSolution
		HideSolutionNode = FALSE
	EndGlobalSection
	GlobalSection(ExtensibilityGlobals) = postSolution
		SolutionGuid = {66140E19-C2AA-4945-A473-6E175390C35D}
	EndGlobalSection
EndGlobal
